
Microsoft Visual Studio Solution File, Format Version 12.00
# Visual Studio Version 16
VisualStudioVersion = 16.0.31005.135
MinimumVisualStudioVersion = 10.0.40219.1
Project("{FAE04EC0-301F-11D3-BF4B-00C04F79EFBC}") = "FrontFact", "FrontFact\FrontFact.csproj", "{381C13C9-7E5C-4AC7-B991-06AA959B3DF3}"
EndProject
Global
	GlobalSection(SolutionConfigurationPlatforms) = preSolution
		Debug|Any CPU = Debug|Any CPU
		Release|Any CPU = Release|Any CPU
	EndGlobalSection
	GlobalSection(ProjectConfigurationPlatforms) = postSolution
		{381C13C9-7E5C-4AC7-B991-06AA959B3DF3}.Debug|Any CPU.ActiveCfg = Debug|Any CPU
		{381C13C9-7E5C-4AC7-B991-06AA959B3DF3}.Debug|Any CPU.Build.0 = Debug|Any CPU
		{381C13C9-7E5C-4AC7-B991-06AA959B3DF3}.Release|Any CPU.ActiveCfg = Release|Any CPU
		{381C13C9-7E5C-4AC7-B991-06AA959B3DF3}.Release|Any CPU.Build.0 = Release|Any CPU
	EndGlobalSection
	GlobalSection(SolutionProperties) = preSolution
		HideSolutionNode = FALSE
	EndGlobalSection
	GlobalSection(ExtensibilityGlobals) = postSolution
		SolutionGuid = {97C56755-E154-4609-810D-35B3ADA36A3F}
	EndGlobalSection
EndGlobal
