
Microsoft Visual Studio Solution File, Format Version 12.00
# Visual Studio Version 16
VisualStudioVersion = 16.0.31005.135
MinimumVisualStudioVersion = 10.0.40219.1
Project("{FAE04EC0-301F-11D3-BF4B-00C04F79EFBC}") = "ApiFact", "ApiFact\ApiFact.csproj", "{6E45B019-2C10-4013-927E-AD99C6334185}"
EndProject
Global
	GlobalSection(SolutionConfigurationPlatforms) = preSolution
		Debug|Any CPU = Debug|Any CPU
		Release|Any CPU = Release|Any CPU
	EndGlobalSection
	GlobalSection(ProjectConfigurationPlatforms) = postSolution
		{6E45B019-2C10-4013-927E-AD99C6334185}.Debug|Any CPU.ActiveCfg = Debug|Any CPU
		{6E45B019-2C10-4013-927E-AD99C6334185}.Debug|Any CPU.Build.0 = Debug|Any CPU
		{6E45B019-2C10-4013-927E-AD99C6334185}.Release|Any CPU.ActiveCfg = Release|Any CPU
		{6E45B019-2C10-4013-927E-AD99C6334185}.Release|Any CPU.Build.0 = Release|Any CPU
	EndGlobalSection
	GlobalSection(SolutionProperties) = preSolution
		HideSolutionNode = FALSE
	EndGlobalSection
	GlobalSection(ExtensibilityGlobals) = postSolution
		SolutionGuid = {251353FD-91B9-474A-91DD-F6C42163A051}
	EndGlobalSection
EndGlobal
